// !$*UTF8*$!
{
	archiveVersion = 1;
	classes = {
	};
	objectVersion = 46;
	objects = {

/* Begin PBXBuildFile section */
		21C5258B58BB9A38F21C3E48 /* Pods_GrausAppUITests.framework in Frameworks */ = {isa = PBXBuildFile; fileRef = 1A9E3A6618217695AD123FAA /* Pods_GrausAppUITests.framework */; };
		419E07AF1EB3CC120053D793 /* AgendaEvent.swift in Sources */ = {isa = PBXBuildFile; fileRef = 419E07AE1EB3CC120053D793 /* AgendaEvent.swift */; };
		419E07B01EB3CC120053D793 /* AgendaEvent.swift in Sources */ = {isa = PBXBuildFile; fileRef = 419E07AE1EB3CC120053D793 /* AgendaEvent.swift */; };
		419E07B11EB3CC120053D793 /* AgendaEvent.swift in Sources */ = {isa = PBXBuildFile; fileRef = 419E07AE1EB3CC120053D793 /* AgendaEvent.swift */; };
		967F928F1EBDD1920057C70B /* Result.swift in Sources */ = {isa = PBXBuildFile; fileRef = 967F928E1EBDD1920057C70B /* Result.swift */; };
		967F92931EBDD79C0057C70B /* SystemError.swift in Sources */ = {isa = PBXBuildFile; fileRef = 967F92921EBDD79C0057C70B /* SystemError.swift */; };
		967F92951EBDE6B50057C70B /* Day.swift in Sources */ = {isa = PBXBuildFile; fileRef = 967F92941EBDE6B50057C70B /* Day.swift */; };
		967F929B1EBDEC9D0057C70B /* AgendaEventCloudDatasourceTest.swift in Sources */ = {isa = PBXBuildFile; fileRef = 967F929A1EBDEC9D0057C70B /* AgendaEventCloudDatasourceTest.swift */; };
		967F929C1EBDEE770057C70B /* Day.swift in Sources */ = {isa = PBXBuildFile; fileRef = 967F92941EBDE6B50057C70B /* Day.swift */; };
		967F92A31EBDEE8E0057C70B /* Result.swift in Sources */ = {isa = PBXBuildFile; fileRef = 967F928E1EBDD1920057C70B /* Result.swift */; };
		967F92A41EBDEE910057C70B /* SystemError.swift in Sources */ = {isa = PBXBuildFile; fileRef = 967F92921EBDD79C0057C70B /* SystemError.swift */; };
		967FA7E41F040DC600CFEF56 /* AgendaEvent+Mapper.swift in Sources */ = {isa = PBXBuildFile; fileRef = 967FA7E21F040DC600CFEF56 /* AgendaEvent+Mapper.swift */; };
		967FA7E51F040DC600CFEF56 /* Day+Mapper.swift in Sources */ = {isa = PBXBuildFile; fileRef = 967FA7E31F040DC600CFEF56 /* Day+Mapper.swift */; };
		967FA7EB1F040DD500CFEF56 /* ApiError.swift in Sources */ = {isa = PBXBuildFile; fileRef = 967FA7E71F040DD500CFEF56 /* ApiError.swift */; };
		967FA7EC1F040DD500CFEF56 /* LoadAgendaEventsResponse.swift in Sources */ = {isa = PBXBuildFile; fileRef = 967FA7E81F040DD500CFEF56 /* LoadAgendaEventsResponse.swift */; };
		967FA7ED1F040DD500CFEF56 /* LoadDaysResponse.swift in Sources */ = {isa = PBXBuildFile; fileRef = 967FA7E91F040DD500CFEF56 /* LoadDaysResponse.swift */; };
		967FA7EE1F040DD500CFEF56 /* LoadDaysWithEventsResponse.swift in Sources */ = {isa = PBXBuildFile; fileRef = 967FA7EA1F040DD500CFEF56 /* LoadDaysWithEventsResponse.swift */; };
		967FA7EF1F040DDF00CFEF56 /* AgendaEvent+Mapper.swift in Sources */ = {isa = PBXBuildFile; fileRef = 967FA7E21F040DC600CFEF56 /* AgendaEvent+Mapper.swift */; };
		967FA7F01F040DE200CFEF56 /* Day+Mapper.swift in Sources */ = {isa = PBXBuildFile; fileRef = 967FA7E31F040DC600CFEF56 /* Day+Mapper.swift */; };
		967FA7F11F040DE600CFEF56 /* ApiError.swift in Sources */ = {isa = PBXBuildFile; fileRef = 967FA7E71F040DD500CFEF56 /* ApiError.swift */; };
		967FA7F21F040DE900CFEF56 /* LoadAgendaEventsResponse.swift in Sources */ = {isa = PBXBuildFile; fileRef = 967FA7E81F040DD500CFEF56 /* LoadAgendaEventsResponse.swift */; };
		967FA7F31F040DEC00CFEF56 /* LoadDaysResponse.swift in Sources */ = {isa = PBXBuildFile; fileRef = 967FA7E91F040DD500CFEF56 /* LoadDaysResponse.swift */; };
		967FA7F41F040DEF00CFEF56 /* LoadDaysWithEventsResponse.swift in Sources */ = {isa = PBXBuildFile; fileRef = 967FA7EA1F040DD500CFEF56 /* LoadDaysWithEventsResponse.swift */; };
		967FA7F81F040DFC00CFEF56 /* AgendaEventCloudDatasource.swift in Sources */ = {isa = PBXBuildFile; fileRef = 967FA7F71F040DFC00CFEF56 /* AgendaEventCloudDatasource.swift */; };
		967FA7F91F040DFC00CFEF56 /* AgendaEventCloudDatasource.swift in Sources */ = {isa = PBXBuildFile; fileRef = 967FA7F71F040DFC00CFEF56 /* AgendaEventCloudDatasource.swift */; };
		969CD9911EFEDD35001D65B2 /* DaysWithEvents.swift in Sources */ = {isa = PBXBuildFile; fileRef = 969CD9901EFEDD35001D65B2 /* DaysWithEvents.swift */; };
		969CD9921EFEDD35001D65B2 /* DaysWithEvents.swift in Sources */ = {isa = PBXBuildFile; fileRef = 969CD9901EFEDD35001D65B2 /* DaysWithEvents.swift */; };
		96B0C21D1E99452E004A3817 /* AppDelegate.swift in Sources */ = {isa = PBXBuildFile; fileRef = 96B0C21C1E99452E004A3817 /* AppDelegate.swift */; };
		96B0C21F1E99452E004A3817 /* AgendaViewController.swift in Sources */ = {isa = PBXBuildFile; fileRef = 96B0C21E1E99452E004A3817 /* AgendaViewController.swift */; };
		96B0C2211E99452E004A3817 /* SecondViewController.swift in Sources */ = {isa = PBXBuildFile; fileRef = 96B0C2201E99452E004A3817 /* SecondViewController.swift */; };
		96B0C2241E99452E004A3817 /* Main.storyboard in Resources */ = {isa = PBXBuildFile; fileRef = 96B0C2221E99452E004A3817 /* Main.storyboard */; };
		96B0C2261E99452E004A3817 /* Assets.xcassets in Resources */ = {isa = PBXBuildFile; fileRef = 96B0C2251E99452E004A3817 /* Assets.xcassets */; };
		96B0C2291E99452E004A3817 /* LaunchScreen.storyboard in Resources */ = {isa = PBXBuildFile; fileRef = 96B0C2271E99452E004A3817 /* LaunchScreen.storyboard */; };
		96B0C2341E99452F004A3817 /* GrausAppTests.swift in Sources */ = {isa = PBXBuildFile; fileRef = 96B0C2331E99452F004A3817 /* GrausAppTests.swift */; };
		96B0C23F1E99452F004A3817 /* GrausAppUITests.swift in Sources */ = {isa = PBXBuildFile; fileRef = 96B0C23E1E99452F004A3817 /* GrausAppUITests.swift */; };
		A9E56748D546F94C2FE4EC5D /* Pods_GrausApp.framework in Frameworks */ = {isa = PBXBuildFile; fileRef = 6B42EB2531ED1FCD883EA6FE /* Pods_GrausApp.framework */; };
		BE2F8D9A37EEF985F99D8494 /* Pods_GrausApp_GrausAppTests.framework in Frameworks */ = {isa = PBXBuildFile; fileRef = DB0FE8E8A6A84675C3D6D51B /* Pods_GrausApp_GrausAppTests.framework */; };
		F5274186E32B9F9F4FF50A54 /* Pods_GrausAppTests.framework in Frameworks */ = {isa = PBXBuildFile; fileRef = A154F281F433613A68644BE3 /* Pods_GrausAppTests.framework */; };
/* End PBXBuildFile section */

/* Begin PBXContainerItemProxy section */
		96B0C2301E99452F004A3817 /* PBXContainerItemProxy */ = {
			isa = PBXContainerItemProxy;
			containerPortal = 96B0C2111E99452E004A3817 /* Project object */;
			proxyType = 1;
			remoteGlobalIDString = 96B0C2181E99452E004A3817;
			remoteInfo = GrausApp;
		};
		96B0C23B1E99452F004A3817 /* PBXContainerItemProxy */ = {
			isa = PBXContainerItemProxy;
			containerPortal = 96B0C2111E99452E004A3817 /* Project object */;
			proxyType = 1;
			remoteGlobalIDString = 96B0C2181E99452E004A3817;
			remoteInfo = GrausApp;
		};
/* End PBXContainerItemProxy section */

/* Begin PBXFileReference section */
		1A9E3A6618217695AD123FAA /* Pods_GrausAppUITests.framework */ = {isa = PBXFileReference; explicitFileType = wrapper.framework; includeInIndex = 0; path = Pods_GrausAppUITests.framework; sourceTree = BUILT_PRODUCTS_DIR; };
		2C0E0A4CCC185419DBEC973A /* Pods-GrausAppTests.release.xcconfig */ = {isa = PBXFileReference; includeInIndex = 1; lastKnownFileType = text.xcconfig; name = "Pods-GrausAppTests.release.xcconfig"; path = "Pods/Target Support Files/Pods-GrausAppTests/Pods-GrausAppTests.release.xcconfig"; sourceTree = "<group>"; };
		419E07AE1EB3CC120053D793 /* AgendaEvent.swift */ = {isa = PBXFileReference; fileEncoding = 4; lastKnownFileType = sourcecode.swift; path = AgendaEvent.swift; sourceTree = "<group>"; };
		4A53C0BB1FCA1FBCD76E03E6 /* Pods-GrausApp-GrausAppTests.debug.xcconfig */ = {isa = PBXFileReference; includeInIndex = 1; lastKnownFileType = text.xcconfig; name = "Pods-GrausApp-GrausAppTests.debug.xcconfig"; path = "Pods/Target Support Files/Pods-GrausApp-GrausAppTests/Pods-GrausApp-GrausAppTests.debug.xcconfig"; sourceTree = "<group>"; };
		6B42EB2531ED1FCD883EA6FE /* Pods_GrausApp.framework */ = {isa = PBXFileReference; explicitFileType = wrapper.framework; includeInIndex = 0; path = Pods_GrausApp.framework; sourceTree = BUILT_PRODUCTS_DIR; };
		7E438D77C06850FB87B49464 /* Pods-GrausApp-GrausAppTests.release.xcconfig */ = {isa = PBXFileReference; includeInIndex = 1; lastKnownFileType = text.xcconfig; name = "Pods-GrausApp-GrausAppTests.release.xcconfig"; path = "Pods/Target Support Files/Pods-GrausApp-GrausAppTests/Pods-GrausApp-GrausAppTests.release.xcconfig"; sourceTree = "<group>"; };
		8AB719885537CACC74F73FA4 /* Pods-GrausAppTests.debug.xcconfig */ = {isa = PBXFileReference; includeInIndex = 1; lastKnownFileType = text.xcconfig; name = "Pods-GrausAppTests.debug.xcconfig"; path = "Pods/Target Support Files/Pods-GrausAppTests/Pods-GrausAppTests.debug.xcconfig"; sourceTree = "<group>"; };
		967F928E1EBDD1920057C70B /* Result.swift */ = {isa = PBXFileReference; fileEncoding = 4; lastKnownFileType = sourcecode.swift; path = Result.swift; sourceTree = "<group>"; };
		967F92921EBDD79C0057C70B /* SystemError.swift */ = {isa = PBXFileReference; fileEncoding = 4; lastKnownFileType = sourcecode.swift; path = SystemError.swift; sourceTree = "<group>"; };
		967F92941EBDE6B50057C70B /* Day.swift */ = {isa = PBXFileReference; fileEncoding = 4; lastKnownFileType = sourcecode.swift; path = Day.swift; sourceTree = "<group>"; };
		967F929A1EBDEC9D0057C70B /* AgendaEventCloudDatasourceTest.swift */ = {isa = PBXFileReference; fileEncoding = 4; lastKnownFileType = sourcecode.swift; path = AgendaEventCloudDatasourceTest.swift; sourceTree = "<group>"; };
		967FA7E21F040DC600CFEF56 /* AgendaEvent+Mapper.swift */ = {isa = PBXFileReference; fileEncoding = 4; lastKnownFileType = sourcecode.swift; path = "AgendaEvent+Mapper.swift"; sourceTree = "<group>"; };
		967FA7E31F040DC600CFEF56 /* Day+Mapper.swift */ = {isa = PBXFileReference; fileEncoding = 4; lastKnownFileType = sourcecode.swift; path = "Day+Mapper.swift"; sourceTree = "<group>"; };
		967FA7E71F040DD500CFEF56 /* ApiError.swift */ = {isa = PBXFileReference; fileEncoding = 4; lastKnownFileType = sourcecode.swift; path = ApiError.swift; sourceTree = "<group>"; };
		967FA7E81F040DD500CFEF56 /* LoadAgendaEventsResponse.swift */ = {isa = PBXFileReference; fileEncoding = 4; lastKnownFileType = sourcecode.swift; path = LoadAgendaEventsResponse.swift; sourceTree = "<group>"; };
		967FA7E91F040DD500CFEF56 /* LoadDaysResponse.swift */ = {isa = PBXFileReference; fileEncoding = 4; lastKnownFileType = sourcecode.swift; path = LoadDaysResponse.swift; sourceTree = "<group>"; };
		967FA7EA1F040DD500CFEF56 /* LoadDaysWithEventsResponse.swift */ = {isa = PBXFileReference; fileEncoding = 4; lastKnownFileType = sourcecode.swift; path = LoadDaysWithEventsResponse.swift; sourceTree = "<group>"; };
		967FA7F71F040DFC00CFEF56 /* AgendaEventCloudDatasource.swift */ = {isa = PBXFileReference; fileEncoding = 4; lastKnownFileType = sourcecode.swift; path = AgendaEventCloudDatasource.swift; sourceTree = "<group>"; };
		969CD9901EFEDD35001D65B2 /* DaysWithEvents.swift */ = {isa = PBXFileReference; fileEncoding = 4; lastKnownFileType = sourcecode.swift; path = DaysWithEvents.swift; sourceTree = "<group>"; };
		96B0C2191E99452E004A3817 /* GrausApp.app */ = {isa = PBXFileReference; explicitFileType = wrapper.application; includeInIndex = 0; path = GrausApp.app; sourceTree = BUILT_PRODUCTS_DIR; };
		96B0C21C1E99452E004A3817 /* AppDelegate.swift */ = {isa = PBXFileReference; lastKnownFileType = sourcecode.swift; path = AppDelegate.swift; sourceTree = "<group>"; };
		96B0C21E1E99452E004A3817 /* AgendaViewController.swift */ = {isa = PBXFileReference; lastKnownFileType = sourcecode.swift; path = AgendaViewController.swift; sourceTree = "<group>"; };
		96B0C2201E99452E004A3817 /* SecondViewController.swift */ = {isa = PBXFileReference; lastKnownFileType = sourcecode.swift; path = SecondViewController.swift; sourceTree = "<group>"; };
		96B0C2231E99452E004A3817 /* Base */ = {isa = PBXFileReference; lastKnownFileType = file.storyboard; name = Base; path = Base.lproj/Main.storyboard; sourceTree = "<group>"; };
		96B0C2251E99452E004A3817 /* Assets.xcassets */ = {isa = PBXFileReference; lastKnownFileType = folder.assetcatalog; path = Assets.xcassets; sourceTree = "<group>"; };
		96B0C2281E99452E004A3817 /* Base */ = {isa = PBXFileReference; lastKnownFileType = file.storyboard; name = Base; path = Base.lproj/LaunchScreen.storyboard; sourceTree = "<group>"; };
		96B0C22A1E99452E004A3817 /* Info.plist */ = {isa = PBXFileReference; lastKnownFileType = text.plist.xml; path = Info.plist; sourceTree = "<group>"; };
		96B0C22F1E99452F004A3817 /* GrausAppTests.xctest */ = {isa = PBXFileReference; explicitFileType = wrapper.cfbundle; includeInIndex = 0; path = GrausAppTests.xctest; sourceTree = BUILT_PRODUCTS_DIR; };
		96B0C2331E99452F004A3817 /* GrausAppTests.swift */ = {isa = PBXFileReference; lastKnownFileType = sourcecode.swift; path = GrausAppTests.swift; sourceTree = "<group>"; };
		96B0C2351E99452F004A3817 /* Info.plist */ = {isa = PBXFileReference; lastKnownFileType = text.plist.xml; path = Info.plist; sourceTree = "<group>"; };
		96B0C23A1E99452F004A3817 /* GrausAppUITests.xctest */ = {isa = PBXFileReference; explicitFileType = wrapper.cfbundle; includeInIndex = 0; path = GrausAppUITests.xctest; sourceTree = BUILT_PRODUCTS_DIR; };
		96B0C23E1E99452F004A3817 /* GrausAppUITests.swift */ = {isa = PBXFileReference; lastKnownFileType = sourcecode.swift; path = GrausAppUITests.swift; sourceTree = "<group>"; };
		96B0C2401E99452F004A3817 /* Info.plist */ = {isa = PBXFileReference; lastKnownFileType = text.plist.xml; path = Info.plist; sourceTree = "<group>"; };
		9FBF73ADBDC794D106989237 /* Pods-GrausAppUITests.debug.xcconfig */ = {isa = PBXFileReference; includeInIndex = 1; lastKnownFileType = text.xcconfig; name = "Pods-GrausAppUITests.debug.xcconfig"; path = "Pods/Target Support Files/Pods-GrausAppUITests/Pods-GrausAppUITests.debug.xcconfig"; sourceTree = "<group>"; };
		A154F281F433613A68644BE3 /* Pods_GrausAppTests.framework */ = {isa = PBXFileReference; explicitFileType = wrapper.framework; includeInIndex = 0; path = Pods_GrausAppTests.framework; sourceTree = BUILT_PRODUCTS_DIR; };
		DB0FE8E8A6A84675C3D6D51B /* Pods_GrausApp_GrausAppTests.framework */ = {isa = PBXFileReference; explicitFileType = wrapper.framework; includeInIndex = 0; path = Pods_GrausApp_GrausAppTests.framework; sourceTree = BUILT_PRODUCTS_DIR; };
		EB913A09B2FAAECDBC04B184 /* Pods-GrausAppUITests.release.xcconfig */ = {isa = PBXFileReference; includeInIndex = 1; lastKnownFileType = text.xcconfig; name = "Pods-GrausAppUITests.release.xcconfig"; path = "Pods/Target Support Files/Pods-GrausAppUITests/Pods-GrausAppUITests.release.xcconfig"; sourceTree = "<group>"; };
		EE27B2BF8317CC3910DC4913 /* Pods-GrausApp.debug.xcconfig */ = {isa = PBXFileReference; includeInIndex = 1; lastKnownFileType = text.xcconfig; name = "Pods-GrausApp.debug.xcconfig"; path = "Pods/Target Support Files/Pods-GrausApp/Pods-GrausApp.debug.xcconfig"; sourceTree = "<group>"; };
		EE338E4CAEC9603B3F55C3E8 /* Pods-GrausApp.release.xcconfig */ = {isa = PBXFileReference; includeInIndex = 1; lastKnownFileType = text.xcconfig; name = "Pods-GrausApp.release.xcconfig"; path = "Pods/Target Support Files/Pods-GrausApp/Pods-GrausApp.release.xcconfig"; sourceTree = "<group>"; };
/* End PBXFileReference section */

/* Begin PBXFrameworksBuildPhase section */
		96B0C2161E99452E004A3817 /* Frameworks */ = {
			isa = PBXFrameworksBuildPhase;
			buildActionMask = 2147483647;
			files = (
				A9E56748D546F94C2FE4EC5D /* Pods_GrausApp.framework in Frameworks */,
			);
			runOnlyForDeploymentPostprocessing = 0;
		};
		96B0C22C1E99452F004A3817 /* Frameworks */ = {
			isa = PBXFrameworksBuildPhase;
			buildActionMask = 2147483647;
			files = (
				F5274186E32B9F9F4FF50A54 /* Pods_GrausAppTests.framework in Frameworks */,
				BE2F8D9A37EEF985F99D8494 /* Pods_GrausApp_GrausAppTests.framework in Frameworks */,
			);
			runOnlyForDeploymentPostprocessing = 0;
		};
		96B0C2371E99452F004A3817 /* Frameworks */ = {
			isa = PBXFrameworksBuildPhase;
			buildActionMask = 2147483647;
			files = (
				21C5258B58BB9A38F21C3E48 /* Pods_GrausAppUITests.framework in Frameworks */,
			);
			runOnlyForDeploymentPostprocessing = 0;
		};
/* End PBXFrameworksBuildPhase section */

/* Begin PBXGroup section */
		3FB3011E8CC190CA9CCF8419 /* Pods */ = {
			isa = PBXGroup;
			children = (
				EE27B2BF8317CC3910DC4913 /* Pods-GrausApp.debug.xcconfig */,
				EE338E4CAEC9603B3F55C3E8 /* Pods-GrausApp.release.xcconfig */,
				8AB719885537CACC74F73FA4 /* Pods-GrausAppTests.debug.xcconfig */,
				2C0E0A4CCC185419DBEC973A /* Pods-GrausAppTests.release.xcconfig */,
				9FBF73ADBDC794D106989237 /* Pods-GrausAppUITests.debug.xcconfig */,
				EB913A09B2FAAECDBC04B184 /* Pods-GrausAppUITests.release.xcconfig */,
				4A53C0BB1FCA1FBCD76E03E6 /* Pods-GrausApp-GrausAppTests.debug.xcconfig */,
				7E438D77C06850FB87B49464 /* Pods-GrausApp-GrausAppTests.release.xcconfig */,
			);
			name = Pods;
			sourceTree = "<group>";
		};
		419E07AC1EB3CBFA0053D793 /* domain */ = {
			isa = PBXGroup;
			children = (
				419E07AE1EB3CC120053D793 /* AgendaEvent.swift */,
				967F92941EBDE6B50057C70B /* Day.swift */,
				969CD9901EFEDD35001D65B2 /* DaysWithEvents.swift */,
			);
			path = domain;
			sourceTree = "<group>";
		};
		967F92841EBDCEA00057C70B /* data */ = {
			isa = PBXGroup;
			children = (
				967FA7F51F040DFC00CFEF56 /* repository */,
				967FA7E61F040DD500CFEF56 /* model */,
				967FA7E11F040DC600CFEF56 /* mapper */,
			);
			path = data;
			sourceTree = "<group>";
		};
		967F92851EBDCEA00057C70B /* presentation */ = {
			isa = PBXGroup;
			children = (
			);
			path = presentation;
			sourceTree = "<group>";
		};
		967F928D1EBDD1830057C70B /* common */ = {
			isa = PBXGroup;
			children = (
				967F928E1EBDD1920057C70B /* Result.swift */,
				967F92921EBDD79C0057C70B /* SystemError.swift */,
			);
			path = common;
			sourceTree = "<group>";
		};
		967FA7E11F040DC600CFEF56 /* mapper */ = {
			isa = PBXGroup;
			children = (
				967FA7E21F040DC600CFEF56 /* AgendaEvent+Mapper.swift */,
				967FA7E31F040DC600CFEF56 /* Day+Mapper.swift */,
			);
			path = mapper;
			sourceTree = "<group>";
		};
		967FA7E61F040DD500CFEF56 /* model */ = {
			isa = PBXGroup;
			children = (
				967FA7E71F040DD500CFEF56 /* ApiError.swift */,
				967FA7E81F040DD500CFEF56 /* LoadAgendaEventsResponse.swift */,
				967FA7E91F040DD500CFEF56 /* LoadDaysResponse.swift */,
				967FA7EA1F040DD500CFEF56 /* LoadDaysWithEventsResponse.swift */,
			);
			path = model;
			sourceTree = "<group>";
		};
		967FA7F51F040DFC00CFEF56 /* repository */ = {
			isa = PBXGroup;
			children = (
				967FA7F61F040DFC00CFEF56 /* dataSources */,
			);
			path = repository;
			sourceTree = "<group>";
		};
		967FA7F61F040DFC00CFEF56 /* dataSources */ = {
			isa = PBXGroup;
			children = (
				967FA7F71F040DFC00CFEF56 /* AgendaEventCloudDatasource.swift */,
			);
			path = dataSources;
			sourceTree = "<group>";
		};
		96B0C2101E99452E004A3817 = {
			isa = PBXGroup;
			children = (
				96B0C21B1E99452E004A3817 /* GrausApp */,
				96B0C2321E99452F004A3817 /* GrausAppTests */,
				96B0C23D1E99452F004A3817 /* GrausAppUITests */,
				96B0C21A1E99452E004A3817 /* Products */,
				3FB3011E8CC190CA9CCF8419 /* Pods */,
				CB2BC451AC0CB9C1196224CB /* Frameworks */,
			);
			sourceTree = "<group>";
		};
		96B0C21A1E99452E004A3817 /* Products */ = {
			isa = PBXGroup;
			children = (
				96B0C2191E99452E004A3817 /* GrausApp.app */,
				96B0C22F1E99452F004A3817 /* GrausAppTests.xctest */,
				96B0C23A1E99452F004A3817 /* GrausAppUITests.xctest */,
			);
			name = Products;
			sourceTree = "<group>";
		};
		96B0C21B1E99452E004A3817 /* GrausApp */ = {
			isa = PBXGroup;
			children = (
				967F928D1EBDD1830057C70B /* common */,
				967F92841EBDCEA00057C70B /* data */,
				967F92851EBDCEA00057C70B /* presentation */,
				419E07AC1EB3CBFA0053D793 /* domain */,
				96B0C21C1E99452E004A3817 /* AppDelegate.swift */,
				96B0C21E1E99452E004A3817 /* AgendaViewController.swift */,
				96B0C2201E99452E004A3817 /* SecondViewController.swift */,
				96B0C2221E99452E004A3817 /* Main.storyboard */,
				96B0C2251E99452E004A3817 /* Assets.xcassets */,
				96B0C2271E99452E004A3817 /* LaunchScreen.storyboard */,
				96B0C22A1E99452E004A3817 /* Info.plist */,
			);
			path = GrausApp;
			sourceTree = "<group>";
		};
		96B0C2321E99452F004A3817 /* GrausAppTests */ = {
			isa = PBXGroup;
			children = (
				96B0C2331E99452F004A3817 /* GrausAppTests.swift */,
				96B0C2351E99452F004A3817 /* Info.plist */,
				967F929A1EBDEC9D0057C70B /* AgendaEventCloudDatasourceTest.swift */,
			);
			path = GrausAppTests;
			sourceTree = "<group>";
		};
		96B0C23D1E99452F004A3817 /* GrausAppUITests */ = {
			isa = PBXGroup;
			children = (
				96B0C23E1E99452F004A3817 /* GrausAppUITests.swift */,
				96B0C2401E99452F004A3817 /* Info.plist */,
			);
			path = GrausAppUITests;
			sourceTree = "<group>";
		};
		CB2BC451AC0CB9C1196224CB /* Frameworks */ = {
			isa = PBXGroup;
			children = (
				6B42EB2531ED1FCD883EA6FE /* Pods_GrausApp.framework */,
				A154F281F433613A68644BE3 /* Pods_GrausAppTests.framework */,
				1A9E3A6618217695AD123FAA /* Pods_GrausAppUITests.framework */,
				DB0FE8E8A6A84675C3D6D51B /* Pods_GrausApp_GrausAppTests.framework */,
			);
			name = Frameworks;
			sourceTree = "<group>";
		};
/* End PBXGroup section */

/* Begin PBXNativeTarget section */
		96B0C2181E99452E004A3817 /* GrausApp */ = {
			isa = PBXNativeTarget;
			buildConfigurationList = 96B0C2431E99452F004A3817 /* Build configuration list for PBXNativeTarget "GrausApp" */;
			buildPhases = (
				94E02D2A17646733097FDE48 /* [CP] Check Pods Manifest.lock */,
				96B0C2151E99452E004A3817 /* Sources */,
				96B0C2161E99452E004A3817 /* Frameworks */,
				96B0C2171E99452E004A3817 /* Resources */,
				137A01BECE4887136643DA4D /* [CP] Embed Pods Frameworks */,
				464D37CC7B0579F681602CF2 /* [CP] Copy Pods Resources */,
			);
			buildRules = (
			);
			dependencies = (
			);
			name = GrausApp;
			productName = GrausApp;
			productReference = 96B0C2191E99452E004A3817 /* GrausApp.app */;
			productType = "com.apple.product-type.application";
		};
		96B0C22E1E99452F004A3817 /* GrausAppTests */ = {
			isa = PBXNativeTarget;
			buildConfigurationList = 96B0C2461E99452F004A3817 /* Build configuration list for PBXNativeTarget "GrausAppTests" */;
			buildPhases = (
				EAF5B88FE200B128E8EFEF98 /* [CP] Check Pods Manifest.lock */,
				96B0C22B1E99452F004A3817 /* Sources */,
				96B0C22C1E99452F004A3817 /* Frameworks */,
				96B0C22D1E99452F004A3817 /* Resources */,
				41733BF509716CF946EBCCAB /* [CP] Embed Pods Frameworks */,
				D4141ABD0043746136DFBE72 /* [CP] Copy Pods Resources */,
			);
			buildRules = (
			);
			dependencies = (
				96B0C2311E99452F004A3817 /* PBXTargetDependency */,
			);
			name = GrausAppTests;
			productName = GrausAppTests;
			productReference = 96B0C22F1E99452F004A3817 /* GrausAppTests.xctest */;
			productType = "com.apple.product-type.bundle.unit-test";
		};
		96B0C2391E99452F004A3817 /* GrausAppUITests */ = {
			isa = PBXNativeTarget;
			buildConfigurationList = 96B0C2491E99452F004A3817 /* Build configuration list for PBXNativeTarget "GrausAppUITests" */;
			buildPhases = (
				7E0B9BE79DC359BC833B18E7 /* [CP] Check Pods Manifest.lock */,
				96B0C2361E99452F004A3817 /* Sources */,
				96B0C2371E99452F004A3817 /* Frameworks */,
				96B0C2381E99452F004A3817 /* Resources */,
				29AAB33110A479CC91C34667 /* [CP] Embed Pods Frameworks */,
				0AED771486801938C0F611B9 /* [CP] Copy Pods Resources */,
			);
			buildRules = (
			);
			dependencies = (
				96B0C23C1E99452F004A3817 /* PBXTargetDependency */,
			);
			name = GrausAppUITests;
			productName = GrausAppUITests;
			productReference = 96B0C23A1E99452F004A3817 /* GrausAppUITests.xctest */;
			productType = "com.apple.product-type.bundle.ui-testing";
		};
/* End PBXNativeTarget section */

/* Begin PBXProject section */
		96B0C2111E99452E004A3817 /* Project object */ = {
			isa = PBXProject;
			attributes = {
				LastSwiftUpdateCheck = 0830;
				LastUpgradeCheck = 0830;
				ORGANIZATIONNAME = "Pallas, Ricardo";
				TargetAttributes = {
					96B0C2181E99452E004A3817 = {
						CreatedOnToolsVersion = 8.3;
						DevelopmentTeam = YXMLS385BH;
						ProvisioningStyle = Automatic;
					};
					96B0C22E1E99452F004A3817 = {
						CreatedOnToolsVersion = 8.3;
						ProvisioningStyle = Automatic;
						TestTargetID = 96B0C2181E99452E004A3817;
					};
					96B0C2391E99452F004A3817 = {
						CreatedOnToolsVersion = 8.3;
						ProvisioningStyle = Automatic;
						TestTargetID = 96B0C2181E99452E004A3817;
					};
				};
			};
			buildConfigurationList = 96B0C2141E99452E004A3817 /* Build configuration list for PBXProject "GrausApp" */;
			compatibilityVersion = "Xcode 3.2";
			developmentRegion = English;
			hasScannedForEncodings = 0;
			knownRegions = (
				en,
				Base,
			);
			mainGroup = 96B0C2101E99452E004A3817;
			productRefGroup = 96B0C21A1E99452E004A3817 /* Products */;
			projectDirPath = "";
			projectRoot = "";
			targets = (
				96B0C2181E99452E004A3817 /* GrausApp */,
				96B0C22E1E99452F004A3817 /* GrausAppTests */,
				96B0C2391E99452F004A3817 /* GrausAppUITests */,
			);
		};
/* End PBXProject section */

/* Begin PBXResourcesBuildPhase section */
		96B0C2171E99452E004A3817 /* Resources */ = {
			isa = PBXResourcesBuildPhase;
			buildActionMask = 2147483647;
			files = (
				96B0C2291E99452E004A3817 /* LaunchScreen.storyboard in Resources */,
				96B0C2261E99452E004A3817 /* Assets.xcassets in Resources */,
				96B0C2241E99452E004A3817 /* Main.storyboard in Resources */,
			);
			runOnlyForDeploymentPostprocessing = 0;
		};
		96B0C22D1E99452F004A3817 /* Resources */ = {
			isa = PBXResourcesBuildPhase;
			buildActionMask = 2147483647;
			files = (
			);
			runOnlyForDeploymentPostprocessing = 0;
		};
		96B0C2381E99452F004A3817 /* Resources */ = {
			isa = PBXResourcesBuildPhase;
			buildActionMask = 2147483647;
			files = (
			);
			runOnlyForDeploymentPostprocessing = 0;
		};
/* End PBXResourcesBuildPhase section */

/* Begin PBXShellScriptBuildPhase section */
		0AED771486801938C0F611B9 /* [CP] Copy Pods Resources */ = {
			isa = PBXShellScriptBuildPhase;
			buildActionMask = 2147483647;
			files = (
			);
			inputPaths = (
			);
			name = "[CP] Copy Pods Resources";
			outputPaths = (
			);
			runOnlyForDeploymentPostprocessing = 0;
			shellPath = /bin/sh;
			shellScript = "\"${SRCROOT}/Pods/Target Support Files/Pods-GrausAppUITests/Pods-GrausAppUITests-resources.sh\"\n";
			showEnvVarsInLog = 0;
		};
		137A01BECE4887136643DA4D /* [CP] Embed Pods Frameworks */ = {
			isa = PBXShellScriptBuildPhase;
			buildActionMask = 2147483647;
			files = (
			);
			inputPaths = (
			);
			name = "[CP] Embed Pods Frameworks";
			outputPaths = (
			);
			runOnlyForDeploymentPostprocessing = 0;
			shellPath = /bin/sh;
			shellScript = "\"${SRCROOT}/Pods/Target Support Files/Pods-GrausApp/Pods-GrausApp-frameworks.sh\"\n";
			showEnvVarsInLog = 0;
		};
		29AAB33110A479CC91C34667 /* [CP] Embed Pods Frameworks */ = {
			isa = PBXShellScriptBuildPhase;
			buildActionMask = 2147483647;
			files = (
			);
			inputPaths = (
			);
			name = "[CP] Embed Pods Frameworks";
			outputPaths = (
			);
			runOnlyForDeploymentPostprocessing = 0;
			shellPath = /bin/sh;
			shellScript = "\"${SRCROOT}/Pods/Target Support Files/Pods-GrausAppUITests/Pods-GrausAppUITests-frameworks.sh\"\n";
			showEnvVarsInLog = 0;
		};
		41733BF509716CF946EBCCAB /* [CP] Embed Pods Frameworks */ = {
			isa = PBXShellScriptBuildPhase;
			buildActionMask = 2147483647;
			files = (
			);
			inputPaths = (
			);
			name = "[CP] Embed Pods Frameworks";
			outputPaths = (
			);
			runOnlyForDeploymentPostprocessing = 0;
			shellPath = /bin/sh;
			shellScript = "\"${SRCROOT}/Pods/Target Support Files/Pods-GrausAppTests/Pods-GrausAppTests-frameworks.sh\"\n";
			showEnvVarsInLog = 0;
		};
		464D37CC7B0579F681602CF2 /* [CP] Copy Pods Resources */ = {
			isa = PBXShellScriptBuildPhase;
			buildActionMask = 2147483647;
			files = (
			);
			inputPaths = (
			);
			name = "[CP] Copy Pods Resources";
			outputPaths = (
			);
			runOnlyForDeploymentPostprocessing = 0;
			shellPath = /bin/sh;
			shellScript = "\"${SRCROOT}/Pods/Target Support Files/Pods-GrausApp/Pods-GrausApp-resources.sh\"\n";
			showEnvVarsInLog = 0;
		};
		7E0B9BE79DC359BC833B18E7 /* [CP] Check Pods Manifest.lock */ = {
			isa = PBXShellScriptBuildPhase;
			buildActionMask = 2147483647;
			files = (
			);
			inputPaths = (
			);
			name = "[CP] Check Pods Manifest.lock";
			outputPaths = (
			);
			runOnlyForDeploymentPostprocessing = 0;
			shellPath = /bin/sh;
			shellScript = "diff \"${PODS_PODFILE_DIR_PATH}/Podfile.lock\" \"${PODS_ROOT}/Manifest.lock\" > /dev/null\nif [ $? != 0 ] ; then\n    # print error to STDERR\n    echo \"error: The sandbox is not in sync with the Podfile.lock. Run 'pod install' or update your CocoaPods installation.\" >&2\n    exit 1\nfi\n";
			showEnvVarsInLog = 0;
		};
		94E02D2A17646733097FDE48 /* [CP] Check Pods Manifest.lock */ = {
			isa = PBXShellScriptBuildPhase;
			buildActionMask = 2147483647;
			files = (
			);
			inputPaths = (
			);
			name = "[CP] Check Pods Manifest.lock";
			outputPaths = (
			);
			runOnlyForDeploymentPostprocessing = 0;
			shellPath = /bin/sh;
			shellScript = "diff \"${PODS_PODFILE_DIR_PATH}/Podfile.lock\" \"${PODS_ROOT}/Manifest.lock\" > /dev/null\nif [ $? != 0 ] ; then\n    # print error to STDERR\n    echo \"error: The sandbox is not in sync with the Podfile.lock. Run 'pod install' or update your CocoaPods installation.\" >&2\n    exit 1\nfi\n";
			showEnvVarsInLog = 0;
		};
		D4141ABD0043746136DFBE72 /* [CP] Copy Pods Resources */ = {
			isa = PBXShellScriptBuildPhase;
			buildActionMask = 2147483647;
			files = (
			);
			inputPaths = (
			);
			name = "[CP] Copy Pods Resources";
			outputPaths = (
			);
			runOnlyForDeploymentPostprocessing = 0;
			shellPath = /bin/sh;
			shellScript = "\"${SRCROOT}/Pods/Target Support Files/Pods-GrausAppTests/Pods-GrausAppTests-resources.sh\"\n";
			showEnvVarsInLog = 0;
		};
		EAF5B88FE200B128E8EFEF98 /* [CP] Check Pods Manifest.lock */ = {
			isa = PBXShellScriptBuildPhase;
			buildActionMask = 2147483647;
			files = (
			);
			inputPaths = (
			);
			name = "[CP] Check Pods Manifest.lock";
			outputPaths = (
			);
			runOnlyForDeploymentPostprocessing = 0;
			shellPath = /bin/sh;
			shellScript = "diff \"${PODS_PODFILE_DIR_PATH}/Podfile.lock\" \"${PODS_ROOT}/Manifest.lock\" > /dev/null\nif [ $? != 0 ] ; then\n    # print error to STDERR\n    echo \"error: The sandbox is not in sync with the Podfile.lock. Run 'pod install' or update your CocoaPods installation.\" >&2\n    exit 1\nfi\n";
			showEnvVarsInLog = 0;
		};
/* End PBXShellScriptBuildPhase section */

/* Begin PBXSourcesBuildPhase section */
		96B0C2151E99452E004A3817 /* Sources */ = {
			isa = PBXSourcesBuildPhase;
			buildActionMask = 2147483647;
			files = (
				967FA7EB1F040DD500CFEF56 /* ApiError.swift in Sources */,
				967FA7EC1F040DD500CFEF56 /* LoadAgendaEventsResponse.swift in Sources */,
				967FA7EE1F040DD500CFEF56 /* LoadDaysWithEventsResponse.swift in Sources */,
				96B0C2211E99452E004A3817 /* SecondViewController.swift in Sources */,
				967FA7E41F040DC600CFEF56 /* AgendaEvent+Mapper.swift in Sources */,
				96B0C21D1E99452E004A3817 /* AppDelegate.swift in Sources */,
				967F92951EBDE6B50057C70B /* Day.swift in Sources */,
				967FA7F81F040DFC00CFEF56 /* AgendaEventCloudDatasource.swift in Sources */,
				969CD9911EFEDD35001D65B2 /* DaysWithEvents.swift in Sources */,
				967FA7E51F040DC600CFEF56 /* Day+Mapper.swift in Sources */,
				419E07AF1EB3CC120053D793 /* AgendaEvent.swift in Sources */,
				967FA7ED1F040DD500CFEF56 /* LoadDaysResponse.swift in Sources */,
				967F928F1EBDD1920057C70B /* Result.swift in Sources */,
				967F92931EBDD79C0057C70B /* SystemError.swift in Sources */,
				96B0C21F1E99452E004A3817 /* AgendaViewController.swift in Sources */,
			);
			runOnlyForDeploymentPostprocessing = 0;
		};
		96B0C22B1E99452F004A3817 /* Sources */ = {
			isa = PBXSourcesBuildPhase;
			buildActionMask = 2147483647;
			files = (
				419E07B01EB3CC120053D793 /* AgendaEvent.swift in Sources */,
				967FA7F41F040DEF00CFEF56 /* LoadDaysWithEventsResponse.swift in Sources */,
				967F929B1EBDEC9D0057C70B /* AgendaEventCloudDatasourceTest.swift in Sources */,
				967FA7F21F040DE900CFEF56 /* LoadAgendaEventsResponse.swift in Sources */,
				967F929C1EBDEE770057C70B /* Day.swift in Sources */,
				967FA7F11F040DE600CFEF56 /* ApiError.swift in Sources */,
				967FA7F31F040DEC00CFEF56 /* LoadDaysResponse.swift in Sources */,
				96B0C2341E99452F004A3817 /* GrausAppTests.swift in Sources */,
				967FA7F91F040DFC00CFEF56 /* AgendaEventCloudDatasource.swift in Sources */,
				967FA7F01F040DE200CFEF56 /* Day+Mapper.swift in Sources */,
				967F92A31EBDEE8E0057C70B /* Result.swift in Sources */,
				967FA7EF1F040DDF00CFEF56 /* AgendaEvent+Mapper.swift in Sources */,
				969CD9921EFEDD35001D65B2 /* DaysWithEvents.swift in Sources */,
				967F92A41EBDEE910057C70B /* SystemError.swift in Sources */,
			);
			runOnlyForDeploymentPostprocessing = 0;
		};
		96B0C2361E99452F004A3817 /* Sources */ = {
			isa = PBXSourcesBuildPhase;
			buildActionMask = 2147483647;
			files = (
				419E07B11EB3CC120053D793 /* AgendaEvent.swift in Sources */,
				96B0C23F1E99452F004A3817 /* GrausAppUITests.swift in Sources */,
			);
			runOnlyForDeploymentPostprocessing = 0;
		};
/* End PBXSourcesBuildPhase section */

/* Begin PBXTargetDependency section */
		96B0C2311E99452F004A3817 /* PBXTargetDependency */ = {
			isa = PBXTargetDependency;
			target = 96B0C2181E99452E004A3817 /* GrausApp */;
			targetProxy = 96B0C2301E99452F004A3817 /* PBXContainerItemProxy */;
		};
		96B0C23C1E99452F004A3817 /* PBXTargetDependency */ = {
			isa = PBXTargetDependency;
			target = 96B0C2181E99452E004A3817 /* GrausApp */;
			targetProxy = 96B0C23B1E99452F004A3817 /* PBXContainerItemProxy */;
		};
/* End PBXTargetDependency section */

/* Begin PBXVariantGroup section */
		96B0C2221E99452E004A3817 /* Main.storyboard */ = {
			isa = PBXVariantGroup;
			children = (
				96B0C2231E99452E004A3817 /* Base */,
			);
			name = Main.storyboard;
			sourceTree = "<group>";
		};
		96B0C2271E99452E004A3817 /* LaunchScreen.storyboard */ = {
			isa = PBXVariantGroup;
			children = (
				96B0C2281E99452E004A3817 /* Base */,
			);
			name = LaunchScreen.storyboard;
			sourceTree = "<group>";
		};
/* End PBXVariantGroup section */

/* Begin XCBuildConfiguration section */
		96B0C2411E99452F004A3817 /* Debug */ = {
			isa = XCBuildConfiguration;
			buildSettings = {
				ALWAYS_EMBED_SWIFT_STANDARD_LIBRARIES = NO;
				ALWAYS_SEARCH_USER_PATHS = NO;
				CLANG_ANALYZER_NONNULL = YES;
				CLANG_ANALYZER_NUMBER_OBJECT_CONVERSION = YES_AGGRESSIVE;
				CLANG_CXX_LANGUAGE_STANDARD = "gnu++0x";
				CLANG_CXX_LIBRARY = "libc++";
				CLANG_ENABLE_MODULES = YES;
				CLANG_ENABLE_OBJC_ARC = YES;
				CLANG_WARN_BOOL_CONVERSION = YES;
				CLANG_WARN_CONSTANT_CONVERSION = YES;
				CLANG_WARN_DIRECT_OBJC_ISA_USAGE = YES_ERROR;
				CLANG_WARN_DOCUMENTATION_COMMENTS = YES;
				CLANG_WARN_EMPTY_BODY = YES;
				CLANG_WARN_ENUM_CONVERSION = YES;
				CLANG_WARN_INFINITE_RECURSION = YES;
				CLANG_WARN_INT_CONVERSION = YES;
				CLANG_WARN_OBJC_ROOT_CLASS = YES_ERROR;
				CLANG_WARN_SUSPICIOUS_MOVE = YES;
				CLANG_WARN_UNREACHABLE_CODE = YES;
				CLANG_WARN__DUPLICATE_METHOD_MATCH = YES;
				"CODE_SIGN_IDENTITY[sdk=iphoneos*]" = "iPhone Developer";
				COPY_PHASE_STRIP = NO;
				DEBUG_INFORMATION_FORMAT = dwarf;
				ENABLE_STRICT_OBJC_MSGSEND = YES;
				ENABLE_TESTABILITY = YES;
				GCC_C_LANGUAGE_STANDARD = gnu99;
				GCC_DYNAMIC_NO_PIC = NO;
				GCC_NO_COMMON_BLOCKS = YES;
				GCC_OPTIMIZATION_LEVEL = 0;
				GCC_PREPROCESSOR_DEFINITIONS = (
					"DEBUG=1",
					"$(inherited)",
				);
				GCC_WARN_64_TO_32_BIT_CONVERSION = YES;
				GCC_WARN_ABOUT_RETURN_TYPE = YES_ERROR;
				GCC_WARN_UNDECLARED_SELECTOR = YES;
				GCC_WARN_UNINITIALIZED_AUTOS = YES_AGGRESSIVE;
				GCC_WARN_UNUSED_FUNCTION = YES;
				GCC_WARN_UNUSED_VARIABLE = YES;
				IPHONEOS_DEPLOYMENT_TARGET = 10.3;
				MTL_ENABLE_DEBUG_INFO = YES;
				ONLY_ACTIVE_ARCH = YES;
				SDKROOT = iphoneos;
				SWIFT_ACTIVE_COMPILATION_CONDITIONS = DEBUG;
				SWIFT_OPTIMIZATION_LEVEL = "-Onone";
				TARGETED_DEVICE_FAMILY = "1,2";
			};
			name = Debug;
		};
		96B0C2421E99452F004A3817 /* Release */ = {
			isa = XCBuildConfiguration;
			buildSettings = {
				ALWAYS_EMBED_SWIFT_STANDARD_LIBRARIES = NO;
				ALWAYS_SEARCH_USER_PATHS = NO;
				CLANG_ANALYZER_NONNULL = YES;
				CLANG_ANALYZER_NUMBER_OBJECT_CONVERSION = YES_AGGRESSIVE;
				CLANG_CXX_LANGUAGE_STANDARD = "gnu++0x";
				CLANG_CXX_LIBRARY = "libc++";
				CLANG_ENABLE_MODULES = YES;
				CLANG_ENABLE_OBJC_ARC = YES;
				CLANG_WARN_BOOL_CONVERSION = YES;
				CLANG_WARN_CONSTANT_CONVERSION = YES;
				CLANG_WARN_DIRECT_OBJC_ISA_USAGE = YES_ERROR;
				CLANG_WARN_DOCUMENTATION_COMMENTS = YES;
				CLANG_WARN_EMPTY_BODY = YES;
				CLANG_WARN_ENUM_CONVERSION = YES;
				CLANG_WARN_INFINITE_RECURSION = YES;
				CLANG_WARN_INT_CONVERSION = YES;
				CLANG_WARN_OBJC_ROOT_CLASS = YES_ERROR;
				CLANG_WARN_SUSPICIOUS_MOVE = YES;
				CLANG_WARN_UNREACHABLE_CODE = YES;
				CLANG_WARN__DUPLICATE_METHOD_MATCH = YES;
				"CODE_SIGN_IDENTITY[sdk=iphoneos*]" = "iPhone Developer";
				COPY_PHASE_STRIP = NO;
				DEBUG_INFORMATION_FORMAT = "dwarf-with-dsym";
				ENABLE_NS_ASSERTIONS = NO;
				ENABLE_STRICT_OBJC_MSGSEND = YES;
				GCC_C_LANGUAGE_STANDARD = gnu99;
				GCC_NO_COMMON_BLOCKS = YES;
				GCC_WARN_64_TO_32_BIT_CONVERSION = YES;
				GCC_WARN_ABOUT_RETURN_TYPE = YES_ERROR;
				GCC_WARN_UNDECLARED_SELECTOR = YES;
				GCC_WARN_UNINITIALIZED_AUTOS = YES_AGGRESSIVE;
				GCC_WARN_UNUSED_FUNCTION = YES;
				GCC_WARN_UNUSED_VARIABLE = YES;
				IPHONEOS_DEPLOYMENT_TARGET = 10.3;
				MTL_ENABLE_DEBUG_INFO = NO;
				SDKROOT = iphoneos;
				SWIFT_OPTIMIZATION_LEVEL = "-Owholemodule";
				TARGETED_DEVICE_FAMILY = "1,2";
				VALIDATE_PRODUCT = YES;
			};
			name = Release;
		};
		96B0C2441E99452F004A3817 /* Debug */ = {
			isa = XCBuildConfiguration;
			baseConfigurationReference = EE27B2BF8317CC3910DC4913 /* Pods-GrausApp.debug.xcconfig */;
			buildSettings = {
				ALWAYS_EMBED_SWIFT_STANDARD_LIBRARIES = YES;
				ASSETCATALOG_COMPILER_APPICON_NAME = AppIcon;
				DEVELOPMENT_TEAM = YXMLS385BH;
				ENABLE_BITCODE = YES;
				INFOPLIST_FILE = GrausApp/Info.plist;
				IPHONEOS_DEPLOYMENT_TARGET = 10.2;
				LD_RUNPATH_SEARCH_PATHS = "$(inherited) @executable_path/Frameworks";
				PRODUCT_BUNDLE_IDENTIFIER = io.github.rpallas92.GrausApp;
				PRODUCT_NAME = "$(TARGET_NAME)";
				SWIFT_VERSION = 3.0;
			};
			name = Debug;
		};
		96B0C2451E99452F004A3817 /* Release */ = {
			isa = XCBuildConfiguration;
			baseConfigurationReference = EE338E4CAEC9603B3F55C3E8 /* Pods-GrausApp.release.xcconfig */;
			buildSettings = {
				ALWAYS_EMBED_SWIFT_STANDARD_LIBRARIES = YES;
				ASSETCATALOG_COMPILER_APPICON_NAME = AppIcon;
				DEVELOPMENT_TEAM = YXMLS385BH;
				ENABLE_BITCODE = YES;
				INFOPLIST_FILE = GrausApp/Info.plist;
				IPHONEOS_DEPLOYMENT_TARGET = 10.2;
				LD_RUNPATH_SEARCH_PATHS = "$(inherited) @executable_path/Frameworks";
				PRODUCT_BUNDLE_IDENTIFIER = io.github.rpallas92.GrausApp;
				PRODUCT_NAME = "$(TARGET_NAME)";
				SWIFT_VERSION = 3.0;
			};
			name = Release;
		};
		96B0C2471E99452F004A3817 /* Debug */ = {
			isa = XCBuildConfiguration;
			baseConfigurationReference = 8AB719885537CACC74F73FA4 /* Pods-GrausAppTests.debug.xcconfig */;
			buildSettings = {
				ALWAYS_EMBED_SWIFT_STANDARD_LIBRARIES = YES;
				BUNDLE_LOADER = "$(TEST_HOST)";
				INFOPLIST_FILE = GrausAppTests/Info.plist;
				LD_RUNPATH_SEARCH_PATHS = "$(inherited) @executable_path/Frameworks @loader_path/Frameworks";
				PRODUCT_BUNDLE_IDENTIFIER = io.github.rpallas92.GrausAppTests;
				PRODUCT_NAME = "$(TARGET_NAME)";
				SWIFT_VERSION = 3.0;
				TEST_HOST = "$(BUILT_PRODUCTS_DIR)/GrausApp.app/GrausApp";
			};
			name = Debug;
		};
		96B0C2481E99452F004A3817 /* Release */ = {
			isa = XCBuildConfiguration;
			baseConfigurationReference = 2C0E0A4CCC185419DBEC973A /* Pods-GrausAppTests.release.xcconfig */;
			buildSettings = {
				ALWAYS_EMBED_SWIFT_STANDARD_LIBRARIES = YES;
				BUNDLE_LOADER = "$(TEST_HOST)";
				INFOPLIST_FILE = GrausAppTests/Info.plist;
				LD_RUNPATH_SEARCH_PATHS = "$(inherited) @executable_path/Frameworks @loader_path/Frameworks";
				PRODUCT_BUNDLE_IDENTIFIER = io.github.rpallas92.GrausAppTests;
				PRODUCT_NAME = "$(TARGET_NAME)";
				SWIFT_VERSION = 3.0;
				TEST_HOST = "$(BUILT_PRODUCTS_DIR)/GrausApp.app/GrausApp";
			};
			name = Release;
		};
		96B0C24A1E99452F004A3817 /* Debug */ = {
			isa = XCBuildConfiguration;
			baseConfigurationReference = 9FBF73ADBDC794D106989237 /* Pods-GrausAppUITests.debug.xcconfig */;
			buildSettings = {
				ALWAYS_EMBED_SWIFT_STANDARD_LIBRARIES = YES;
				INFOPLIST_FILE = GrausAppUITests/Info.plist;
				LD_RUNPATH_SEARCH_PATHS = "$(inherited) @executable_path/Frameworks @loader_path/Frameworks";
				PRODUCT_BUNDLE_IDENTIFIER = io.github.rpallas92.GrausAppUITests;
				PRODUCT_NAME = "$(TARGET_NAME)";
				SWIFT_VERSION = 3.0;
				TEST_TARGET_NAME = GrausApp;
			};
			name = Debug;
		};
		96B0C24B1E99452F004A3817 /* Release */ = {
			isa = XCBuildConfiguration;
			baseConfigurationReference = EB913A09B2FAAECDBC04B184 /* Pods-GrausAppUITests.release.xcconfig */;
			buildSettings = {
				ALWAYS_EMBED_SWIFT_STANDARD_LIBRARIES = YES;
				INFOPLIST_FILE = GrausAppUITests/Info.plist;
				LD_RUNPATH_SEARCH_PATHS = "$(inherited) @executable_path/Frameworks @loader_path/Frameworks";
				PRODUCT_BUNDLE_IDENTIFIER = io.github.rpallas92.GrausAppUITests;
				PRODUCT_NAME = "$(TARGET_NAME)";
				SWIFT_VERSION = 3.0;
				TEST_TARGET_NAME = GrausApp;
			};
			name = Release;
		};
/* End XCBuildConfiguration section */

/* Begin XCConfigurationList section */
		96B0C2141E99452E004A3817 /* Build configuration list for PBXProject "GrausApp" */ = {
			isa = XCConfigurationList;
			buildConfigurations = (
				96B0C2411E99452F004A3817 /* Debug */,
				96B0C2421E99452F004A3817 /* Release */,
			);
			defaultConfigurationIsVisible = 0;
			defaultConfigurationName = Release;
		};
		96B0C2431E99452F004A3817 /* Build configuration list for PBXNativeTarget "GrausApp" */ = {
			isa = XCConfigurationList;
			buildConfigurations = (
				96B0C2441E99452F004A3817 /* Debug */,
				96B0C2451E99452F004A3817 /* Release */,
			);
			defaultConfigurationIsVisible = 0;
			defaultConfigurationName = Release;
		};
		96B0C2461E99452F004A3817 /* Build configuration list for PBXNativeTarget "GrausAppTests" */ = {
			isa = XCConfigurationList;
			buildConfigurations = (
				96B0C2471E99452F004A3817 /* Debug */,
				96B0C2481E99452F004A3817 /* Release */,
			);
			defaultConfigurationIsVisible = 0;
			defaultConfigurationName = Release;
		};
		96B0C2491E99452F004A3817 /* Build configuration list for PBXNativeTarget "GrausAppUITests" */ = {
			isa = XCConfigurationList;
			buildConfigurations = (
				96B0C24A1E99452F004A3817 /* Debug */,
				96B0C24B1E99452F004A3817 /* Release */,
			);
			defaultConfigurationIsVisible = 0;
			defaultConfigurationName = Release;
		};
/* End XCConfigurationList section */
	};
	rootObject = 96B0C2111E99452E004A3817 /* Project object */;
}
